// !$*UTF8*$!
{
	archiveVersion = 1;
	classes = {
	};
	objectVersion = 56;
	objects = {

/* Begin PBXBuildFile section */
		C0B6786B299AD3D400BE26ED /* GoogleService-Info.plist in Resources */ = {isa = PBXBuildFile; fileRef = C0B6786A299AD3D400BE26ED /* GoogleService-Info.plist */; };
		C0F93C212996863E0046DD9A /* AppDelegate.swift in Sources */ = {isa = PBXBuildFile; fileRef = C0F93C202996863E0046DD9A /* AppDelegate.swift */; };
		C0F93C232996863E0046DD9A /* SceneDelegate.swift in Sources */ = {isa = PBXBuildFile; fileRef = C0F93C222996863E0046DD9A /* SceneDelegate.swift */; };
		C0F93C252996863E0046DD9A /* ConversationsVC.swift in Sources */ = {isa = PBXBuildFile; fileRef = C0F93C242996863E0046DD9A /* ConversationsVC.swift */; };
		C0F93C282996863E0046DD9A /* Main.storyboard in Resources */ = {isa = PBXBuildFile; fileRef = C0F93C262996863E0046DD9A /* Main.storyboard */; };
		C0F93C2A2996863F0046DD9A /* Assets.xcassets in Resources */ = {isa = PBXBuildFile; fileRef = C0F93C292996863F0046DD9A /* Assets.xcassets */; };
		C0F93C2D2996863F0046DD9A /* LaunchScreen.storyboard in Resources */ = {isa = PBXBuildFile; fileRef = C0F93C2B2996863F0046DD9A /* LaunchScreen.storyboard */; };
		C0F93C3B2996A0620046DD9A /* LoginVC.swift in Sources */ = {isa = PBXBuildFile; fileRef = C0F93C3A2996A0620046DD9A /* LoginVC.swift */; };
		C0F93C3E2996A08D0046DD9A /* RegisterVC.swift in Sources */ = {isa = PBXBuildFile; fileRef = C0F93C3D2996A08D0046DD9A /* RegisterVC.swift */; };
		C0F93C402996A0B20046DD9A /* PhotoViewerVC.swift in Sources */ = {isa = PBXBuildFile; fileRef = C0F93C3F2996A0B20046DD9A /* PhotoViewerVC.swift */; };
		C0F93C422996A0DF0046DD9A /* VideoPlayerVC.swift in Sources */ = {isa = PBXBuildFile; fileRef = C0F93C412996A0DF0046DD9A /* VideoPlayerVC.swift */; };
		C0F93C442996A11A0046DD9A /* NewConversationVC.swift in Sources */ = {isa = PBXBuildFile; fileRef = C0F93C432996A11A0046DD9A /* NewConversationVC.swift */; };
		C0F93C472997D35C0046DD9A /* Extensions.swift in Sources */ = {isa = PBXBuildFile; fileRef = C0F93C462997D35C0046DD9A /* Extensions.swift */; };
		D123568407F9E6E9279EBB2F /* Pods_LinupMassenger.framework in Frameworks */ = {isa = PBXBuildFile; fileRef = 21B8531B39236C130A8FA0F6 /* Pods_LinupMassenger.framework */; };
/* End PBXBuildFile section */

/* Begin PBXFileReference section */
		21B8531B39236C130A8FA0F6 /* Pods_LinupMassenger.framework */ = {isa = PBXFileReference; explicitFileType = wrapper.framework; includeInIndex = 0; path = Pods_LinupMassenger.framework; sourceTree = BUILT_PRODUCTS_DIR; };
		7E3EE3D258157A70A1833A62 /* Pods-LinupMassenger.debug.xcconfig */ = {isa = PBXFileReference; includeInIndex = 1; lastKnownFileType = text.xcconfig; name = "Pods-LinupMassenger.debug.xcconfig"; path = "Target Support Files/Pods-LinupMassenger/Pods-LinupMassenger.debug.xcconfig"; sourceTree = "<group>"; };
		927D1E08AEEFAE5DAB2308A5 /* Pods-LinupMassenger.release.xcconfig */ = {isa = PBXFileReference; includeInIndex = 1; lastKnownFileType = text.xcconfig; name = "Pods-LinupMassenger.release.xcconfig"; path = "Target Support Files/Pods-LinupMassenger/Pods-LinupMassenger.release.xcconfig"; sourceTree = "<group>"; };
		C0B6786A299AD3D400BE26ED /* GoogleService-Info.plist */ = {isa = PBXFileReference; fileEncoding = 4; lastKnownFileType = text.plist.xml; path = "GoogleService-Info.plist"; sourceTree = "<group>"; };
		C0F93C1D2996863E0046DD9A /* LinupMassenger.app */ = {isa = PBXFileReference; explicitFileType = wrapper.application; includeInIndex = 0; path = LinupMassenger.app; sourceTree = BUILT_PRODUCTS_DIR; };
		C0F93C202996863E0046DD9A /* AppDelegate.swift */ = {isa = PBXFileReference; lastKnownFileType = sourcecode.swift; path = AppDelegate.swift; sourceTree = "<group>"; };
		C0F93C222996863E0046DD9A /* SceneDelegate.swift */ = {isa = PBXFileReference; lastKnownFileType = sourcecode.swift; path = SceneDelegate.swift; sourceTree = "<group>"; };
		C0F93C242996863E0046DD9A /* ConversationsVC.swift */ = {isa = PBXFileReference; lastKnownFileType = sourcecode.swift; path = ConversationsVC.swift; sourceTree = "<group>"; };
		C0F93C272996863E0046DD9A /* Base */ = {isa = PBXFileReference; lastKnownFileType = file.storyboard; name = Base; path = Base.lproj/Main.storyboard; sourceTree = "<group>"; };
		C0F93C292996863F0046DD9A /* Assets.xcassets */ = {isa = PBXFileReference; lastKnownFileType = folder.assetcatalog; path = Assets.xcassets; sourceTree = "<group>"; };
		C0F93C2C2996863F0046DD9A /* Base */ = {isa = PBXFileReference; lastKnownFileType = file.storyboard; name = Base; path = Base.lproj/LaunchScreen.storyboard; sourceTree = "<group>"; };
		C0F93C2E2996863F0046DD9A /* Info.plist */ = {isa = PBXFileReference; lastKnownFileType = text.plist.xml; path = Info.plist; sourceTree = "<group>"; };
		C0F93C3A2996A0620046DD9A /* LoginVC.swift */ = {isa = PBXFileReference; lastKnownFileType = sourcecode.swift; path = LoginVC.swift; sourceTree = "<group>"; };
		C0F93C3D2996A08D0046DD9A /* RegisterVC.swift */ = {isa = PBXFileReference; lastKnownFileType = sourcecode.swift; path = RegisterVC.swift; sourceTree = "<group>"; };
		C0F93C3F2996A0B20046DD9A /* PhotoViewerVC.swift */ = {isa = PBXFileReference; lastKnownFileType = sourcecode.swift; path = PhotoViewerVC.swift; sourceTree = "<group>"; };
		C0F93C412996A0DF0046DD9A /* VideoPlayerVC.swift */ = {isa = PBXFileReference; lastKnownFileType = sourcecode.swift; path = VideoPlayerVC.swift; sourceTree = "<group>"; };
		C0F93C432996A11A0046DD9A /* NewConversationVC.swift */ = {isa = PBXFileReference; lastKnownFileType = sourcecode.swift; path = NewConversationVC.swift; sourceTree = "<group>"; };
		C0F93C462997D35C0046DD9A /* Extensions.swift */ = {isa = PBXFileReference; lastKnownFileType = sourcecode.swift; path = Extensions.swift; sourceTree = "<group>"; };
/* End PBXFileReference section */

/* Begin PBXFrameworksBuildPhase section */
		C0F93C1A2996863E0046DD9A /* Frameworks */ = {
			isa = PBXFrameworksBuildPhase;
			buildActionMask = 2147483647;
			files = (
				D123568407F9E6E9279EBB2F /* Pods_LinupMassenger.framework in Frameworks */,
			);
			runOnlyForDeploymentPostprocessing = 0;
		};
/* End PBXFrameworksBuildPhase section */

/* Begin PBXGroup section */
		8185E36C8D7CAE053A31F99A /* Pods */ = {
			isa = PBXGroup;
			children = (
				7E3EE3D258157A70A1833A62 /* Pods-LinupMassenger.debug.xcconfig */,
				927D1E08AEEFAE5DAB2308A5 /* Pods-LinupMassenger.release.xcconfig */,
			);
			path = Pods;
			sourceTree = "<group>";
		};
		C0F93C142996863E0046DD9A = {
			isa = PBXGroup;
			children = (
				C0F93C1F2996863E0046DD9A /* LinupMassenger */,
				C0F93C1E2996863E0046DD9A /* Products */,
				8185E36C8D7CAE053A31F99A /* Pods */,
				EEAE8189D99FF71E3BC018D7 /* Frameworks */,
			);
			sourceTree = "<group>";
		};
		C0F93C1E2996863E0046DD9A /* Products */ = {
			isa = PBXGroup;
			children = (
				C0F93C1D2996863E0046DD9A /* LinupMassenger.app */,
			);
			name = Products;
			sourceTree = "<group>";
		};
		C0F93C1F2996863E0046DD9A /* LinupMassenger */ = {
			isa = PBXGroup;
			children = (
				C0B6786A299AD3D400BE26ED /* GoogleService-Info.plist */,
				C0F93C3829969F7C0046DD9A /* Resources */,
				C0F93C3729969F580046DD9A /* ViewModels */,
				C0F93C3629969F430046DD9A /* Models */,
				C0F93C3529969F3B0046DD9A /* Views */,
				C0F93C3429969F370046DD9A /* Controllers */,
				C0F93C2E2996863F0046DD9A /* Info.plist */,
			);
			path = LinupMassenger;
			sourceTree = "<group>";
		};
		C0F93C3429969F370046DD9A /* Controllers */ = {
			isa = PBXGroup;
			children = (
				C0F93C242996863E0046DD9A /* ConversationsVC.swift */,
				C0F93C452997C2610046DD9A /* Login */,
				C0F93C3F2996A0B20046DD9A /* PhotoViewerVC.swift */,
				C0F93C412996A0DF0046DD9A /* VideoPlayerVC.swift */,
				C0F93C432996A11A0046DD9A /* NewConversationVC.swift */,
			);
			path = Controllers;
			sourceTree = "<group>";
		};
		C0F93C3529969F3B0046DD9A /* Views */ = {
			isa = PBXGroup;
			children = (
				C0F93C3929969FAF0046DD9A /* Storyboards */,
				C0F93C292996863F0046DD9A /* Assets.xcassets */,
			);
			path = Views;
			sourceTree = "<group>";
		};
		C0F93C3629969F430046DD9A /* Models */ = {
			isa = PBXGroup;
			children = (
			);
			path = Models;
			sourceTree = "<group>";
		};
		C0F93C3729969F580046DD9A /* ViewModels */ = {
			isa = PBXGroup;
			children = (
			);
			path = ViewModels;
			sourceTree = "<group>";
		};
		C0F93C3829969F7C0046DD9A /* Resources */ = {
			isa = PBXGroup;
			children = (
				C0F93C202996863E0046DD9A /* AppDelegate.swift */,
				C0F93C222996863E0046DD9A /* SceneDelegate.swift */,
				C0F93C462997D35C0046DD9A /* Extensions.swift */,
			);
			path = Resources;
			sourceTree = "<group>";
		};
		C0F93C3929969FAF0046DD9A /* Storyboards */ = {
			isa = PBXGroup;
			children = (
				C0F93C262996863E0046DD9A /* Main.storyboard */,
				C0F93C2B2996863F0046DD9A /* LaunchScreen.storyboard */,
			);
			path = Storyboards;
			sourceTree = "<group>";
		};
		C0F93C452997C2610046DD9A /* Login */ = {
			isa = PBXGroup;
			children = (
				C0F93C3A2996A0620046DD9A /* LoginVC.swift */,
				C0F93C3D2996A08D0046DD9A /* RegisterVC.swift */,
			);
			path = Login;
			sourceTree = "<group>";
		};
		EEAE8189D99FF71E3BC018D7 /* Frameworks */ = {
			isa = PBXGroup;
			children = (
				21B8531B39236C130A8FA0F6 /* Pods_LinupMassenger.framework */,
			);
			name = Frameworks;
			sourceTree = "<group>";
		};
/* End PBXGroup section */

/* Begin PBXNativeTarget section */
		C0F93C1C2996863E0046DD9A /* LinupMassenger */ = {
			isa = PBXNativeTarget;
			buildConfigurationList = C0F93C312996863F0046DD9A /* Build configuration list for PBXNativeTarget "LinupMassenger" */;
			buildPhases = (
				8CC793298CA8C4BC25692547 /* [CP] Check Pods Manifest.lock */,
				C0F93C192996863E0046DD9A /* Sources */,
				C0F93C1A2996863E0046DD9A /* Frameworks */,
				C0F93C1B2996863E0046DD9A /* Resources */,
				4455CE0C2425EA7B3F4CC180 /* [CP] Embed Pods Frameworks */,
			);
			buildRules = (
			);
			dependencies = (
			);
			name = LinupMassenger;
			productName = LinupMassenger;
			productReference = C0F93C1D2996863E0046DD9A /* LinupMassenger.app */;
			productType = "com.apple.product-type.application";
		};
/* End PBXNativeTarget section */

/* Begin PBXProject section */
		C0F93C152996863E0046DD9A /* Project object */ = {
			isa = PBXProject;
			attributes = {
				BuildIndependentTargetsInParallel = 1;
				LastSwiftUpdateCheck = 1420;
				LastUpgradeCheck = 1420;
				TargetAttributes = {
					C0F93C1C2996863E0046DD9A = {
						CreatedOnToolsVersion = 14.2;
					};
				};
			};
			buildConfigurationList = C0F93C182996863E0046DD9A /* Build configuration list for PBXProject "LinupMassenger" */;
			compatibilityVersion = "Xcode 14.0";
			developmentRegion = en;
			hasScannedForEncodings = 0;
			knownRegions = (
				en,
				Base,
			);
			mainGroup = C0F93C142996863E0046DD9A;
			productRefGroup = C0F93C1E2996863E0046DD9A /* Products */;
			projectDirPath = "";
			projectRoot = "";
			targets = (
				C0F93C1C2996863E0046DD9A /* LinupMassenger */,
			);
		};
/* End PBXProject section */

/* Begin PBXResourcesBuildPhase section */
		C0F93C1B2996863E0046DD9A /* Resources */ = {
			isa = PBXResourcesBuildPhase;
			buildActionMask = 2147483647;
			files = (
				C0F93C2D2996863F0046DD9A /* LaunchScreen.storyboard in Resources */,
				C0F93C2A2996863F0046DD9A /* Assets.xcassets in Resources */,
				C0B6786B299AD3D400BE26ED /* GoogleService-Info.plist in Resources */,
				C0F93C282996863E0046DD9A /* Main.storyboard in Resources */,
			);
			runOnlyForDeploymentPostprocessing = 0;
		};
/* End PBXResourcesBuildPhase section */

/* Begin PBXShellScriptBuildPhase section */
		4455CE0C2425EA7B3F4CC180 /* [CP] Embed Pods Frameworks */ = {
			isa = PBXShellScriptBuildPhase;
			buildActionMask = 2147483647;
			files = (
			);
			inputFileListPaths = (
				"${PODS_ROOT}/Target Support Files/Pods-LinupMassenger/Pods-LinupMassenger-frameworks-${CONFIGURATION}-input-files.xcfilelist",
			);
			name = "[CP] Embed Pods Frameworks";
			outputFileListPaths = (
				"${PODS_ROOT}/Target Support Files/Pods-LinupMassenger/Pods-LinupMassenger-frameworks-${CONFIGURATION}-output-files.xcfilelist",
			);
			runOnlyForDeploymentPostprocessing = 0;
			shellPath = /bin/sh;
			shellScript = "\"${PODS_ROOT}/Target Support Files/Pods-LinupMassenger/Pods-LinupMassenger-frameworks.sh\"\n";
			showEnvVarsInLog = 0;
		};
		8CC793298CA8C4BC25692547 /* [CP] Check Pods Manifest.lock */ = {
			isa = PBXShellScriptBuildPhase;
			buildActionMask = 2147483647;
			files = (
			);
			inputFileListPaths = (
			);
			inputPaths = (
				"${PODS_PODFILE_DIR_PATH}/Podfile.lock",
				"${PODS_ROOT}/Manifest.lock",
			);
			name = "[CP] Check Pods Manifest.lock";
			outputFileListPaths = (
			);
			outputPaths = (
				"$(DERIVED_FILE_DIR)/Pods-LinupMassenger-checkManifestLockResult.txt",
			);
			runOnlyForDeploymentPostprocessing = 0;
			shellPath = /bin/sh;
			shellScript = "diff \"${PODS_PODFILE_DIR_PATH}/Podfile.lock\" \"${PODS_ROOT}/Manifest.lock\" > /dev/null\nif [ $? != 0 ] ; then\n    # print error to STDERR\n    echo \"error: The sandbox is not in sync with the Podfile.lock. Run 'pod install' or update your CocoaPods installation.\" >&2\n    exit 1\nfi\n# This output is used by Xcode 'outputs' to avoid re-running this script phase.\necho \"SUCCESS\" > \"${SCRIPT_OUTPUT_FILE_0}\"\n";
			showEnvVarsInLog = 0;
		};
/* End PBXShellScriptBuildPhase section */

/* Begin PBXSourcesBuildPhase section */
		C0F93C192996863E0046DD9A /* Sources */ = {
			isa = PBXSourcesBuildPhase;
			buildActionMask = 2147483647;
			files = (
				C0F93C442996A11A0046DD9A /* NewConversationVC.swift in Sources */,
				C0F93C472997D35C0046DD9A /* Extensions.swift in Sources */,
				C0F93C3B2996A0620046DD9A /* LoginVC.swift in Sources */,
				C0F93C3E2996A08D0046DD9A /* RegisterVC.swift in Sources */,
				C0F93C252996863E0046DD9A /* ConversationsVC.swift in Sources */,
				C0F93C422996A0DF0046DD9A /* VideoPlayerVC.swift in Sources */,
				C0F93C212996863E0046DD9A /* AppDelegate.swift in Sources */,
				C0F93C232996863E0046DD9A /* SceneDelegate.swift in Sources */,
				C0F93C402996A0B20046DD9A /* PhotoViewerVC.swift in Sources */,
			);
			runOnlyForDeploymentPostprocessing = 0;
		};
/* End PBXSourcesBuildPhase section */

/* Begin PBXVariantGroup section */
		C0F93C262996863E0046DD9A /* Main.storyboard */ = {
			isa = PBXVariantGroup;
			children = (
				C0F93C272996863E0046DD9A /* Base */,
			);
			name = Main.storyboard;
			sourceTree = "<group>";
		};
		C0F93C2B2996863F0046DD9A /* LaunchScreen.storyboard */ = {
			isa = PBXVariantGroup;
			children = (
				C0F93C2C2996863F0046DD9A /* Base */,
			);
			name = LaunchScreen.storyboard;
			sourceTree = "<group>";
		};
/* End PBXVariantGroup section */

/* Begin XCBuildConfiguration section */
		C0F93C2F2996863F0046DD9A /* Debug */ = {
			isa = XCBuildConfiguration;
			buildSettings = {
				ALWAYS_SEARCH_USER_PATHS = NO;
				CLANG_ANALYZER_NONNULL = YES;
				CLANG_ANALYZER_NUMBER_OBJECT_CONVERSION = YES_AGGRESSIVE;
				CLANG_CXX_LANGUAGE_STANDARD = "gnu++20";
				CLANG_ENABLE_MODULES = YES;
				CLANG_ENABLE_OBJC_ARC = YES;
				CLANG_ENABLE_OBJC_WEAK = YES;
				CLANG_WARN_BLOCK_CAPTURE_AUTORELEASING = YES;
				CLANG_WARN_BOOL_CONVERSION = YES;
				CLANG_WARN_COMMA = YES;
				CLANG_WARN_CONSTANT_CONVERSION = YES;
				CLANG_WARN_DEPRECATED_OBJC_IMPLEMENTATIONS = YES;
				CLANG_WARN_DIRECT_OBJC_ISA_USAGE = YES_ERROR;
				CLANG_WARN_DOCUMENTATION_COMMENTS = YES;
				CLANG_WARN_EMPTY_BODY = YES;
				CLANG_WARN_ENUM_CONVERSION = YES;
				CLANG_WARN_INFINITE_RECURSION = YES;
				CLANG_WARN_INT_CONVERSION = YES;
				CLANG_WARN_NON_LITERAL_NULL_CONVERSION = YES;
				CLANG_WARN_OBJC_IMPLICIT_RETAIN_SELF = YES;
				CLANG_WARN_OBJC_LITERAL_CONVERSION = YES;
				CLANG_WARN_OBJC_ROOT_CLASS = YES_ERROR;
				CLANG_WARN_QUOTED_INCLUDE_IN_FRAMEWORK_HEADER = YES;
				CLANG_WARN_RANGE_LOOP_ANALYSIS = YES;
				CLANG_WARN_STRICT_PROTOTYPES = YES;
				CLANG_WARN_SUSPICIOUS_MOVE = YES;
				CLANG_WARN_UNGUARDED_AVAILABILITY = YES_AGGRESSIVE;
				CLANG_WARN_UNREACHABLE_CODE = YES;
				CLANG_WARN__DUPLICATE_METHOD_MATCH = YES;
				COPY_PHASE_STRIP = NO;
				DEBUG_INFORMATION_FORMAT = dwarf;
				ENABLE_STRICT_OBJC_MSGSEND = YES;
				ENABLE_TESTABILITY = YES;
				GCC_C_LANGUAGE_STANDARD = gnu11;
				GCC_DYNAMIC_NO_PIC = NO;
				GCC_NO_COMMON_BLOCKS = YES;
				GCC_OPTIMIZATION_LEVEL = 0;
				GCC_PREPROCESSOR_DEFINITIONS = (
					"DEBUG=1",
					"$(inherited)",
				);
				GCC_WARN_64_TO_32_BIT_CONVERSION = YES;
				GCC_WARN_ABOUT_RETURN_TYPE = YES_ERROR;
				GCC_WARN_UNDECLARED_SELECTOR = YES;
				GCC_WARN_UNINITIALIZED_AUTOS = YES_AGGRESSIVE;
				GCC_WARN_UNUSED_FUNCTION = YES;
				GCC_WARN_UNUSED_VARIABLE = YES;
				IPHONEOS_DEPLOYMENT_TARGET = 16.2;
				MTL_ENABLE_DEBUG_INFO = INCLUDE_SOURCE;
				MTL_FAST_MATH = YES;
				ONLY_ACTIVE_ARCH = YES;
				SDKROOT = iphoneos;
				SWIFT_ACTIVE_COMPILATION_CONDITIONS = DEBUG;
				SWIFT_OPTIMIZATION_LEVEL = "-Onone";
			};
			name = Debug;
		};
		C0F93C302996863F0046DD9A /* Release */ = {
			isa = XCBuildConfiguration;
			buildSettings = {
				ALWAYS_SEARCH_USER_PATHS = NO;
				CLANG_ANALYZER_NONNULL = YES;
				CLANG_ANALYZER_NUMBER_OBJECT_CONVERSION = YES_AGGRESSIVE;
				CLANG_CXX_LANGUAGE_STANDARD = "gnu++20";
				CLANG_ENABLE_MODULES = YES;
				CLANG_ENABLE_OBJC_ARC = YES;
				CLANG_ENABLE_OBJC_WEAK = YES;
				CLANG_WARN_BLOCK_CAPTURE_AUTORELEASING = YES;
				CLANG_WARN_BOOL_CONVERSION = YES;
				CLANG_WARN_COMMA = YES;
				CLANG_WARN_CONSTANT_CONVERSION = YES;
				CLANG_WARN_DEPRECATED_OBJC_IMPLEMENTATIONS = YES;
				CLANG_WARN_DIRECT_OBJC_ISA_USAGE = YES_ERROR;
				CLANG_WARN_DOCUMENTATION_COMMENTS = YES;
				CLANG_WARN_EMPTY_BODY = YES;
				CLANG_WARN_ENUM_CONVERSION = YES;
				CLANG_WARN_INFINITE_RECURSION = YES;
				CLANG_WARN_INT_CONVERSION = YES;
				CLANG_WARN_NON_LITERAL_NULL_CONVERSION = YES;
				CLANG_WARN_OBJC_IMPLICIT_RETAIN_SELF = YES;
				CLANG_WARN_OBJC_LITERAL_CONVERSION = YES;
				CLANG_WARN_OBJC_ROOT_CLASS = YES_ERROR;
				CLANG_WARN_QUOTED_INCLUDE_IN_FRAMEWORK_HEADER = YES;
				CLANG_WARN_RANGE_LOOP_ANALYSIS = YES;
				CLANG_WARN_STRICT_PROTOTYPES = YES;
				CLANG_WARN_SUSPICIOUS_MOVE = YES;
				CLANG_WARN_UNGUARDED_AVAILABILITY = YES_AGGRESSIVE;
				CLANG_WARN_UNREACHABLE_CODE = YES;
				CLANG_WARN__DUPLICATE_METHOD_MATCH = YES;
				COPY_PHASE_STRIP = NO;
				DEBUG_INFORMATION_FORMAT = "dwarf-with-dsym";
				ENABLE_NS_ASSERTIONS = NO;
				ENABLE_STRICT_OBJC_MSGSEND = YES;
				GCC_C_LANGUAGE_STANDARD = gnu11;
				GCC_NO_COMMON_BLOCKS = YES;
				GCC_WARN_64_TO_32_BIT_CONVERSION = YES;
				GCC_WARN_ABOUT_RETURN_TYPE = YES_ERROR;
				GCC_WARN_UNDECLARED_SELECTOR = YES;
				GCC_WARN_UNINITIALIZED_AUTOS = YES_AGGRESSIVE;
				GCC_WARN_UNUSED_FUNCTION = YES;
				GCC_WARN_UNUSED_VARIABLE = YES;
				IPHONEOS_DEPLOYMENT_TARGET = 16.2;
				MTL_ENABLE_DEBUG_INFO = NO;
				MTL_FAST_MATH = YES;
				SDKROOT = iphoneos;
				SWIFT_COMPILATION_MODE = wholemodule;
				SWIFT_OPTIMIZATION_LEVEL = "-O";
				VALIDATE_PRODUCT = YES;
			};
			name = Release;
		};
		C0F93C322996863F0046DD9A /* Debug */ = {
			isa = XCBuildConfiguration;
			baseConfigurationReference = 7E3EE3D258157A70A1833A62 /* Pods-LinupMassenger.debug.xcconfig */;
			buildSettings = {
				ASSETCATALOG_COMPILER_APPICON_NAME = AppIcon;
				ASSETCATALOG_COMPILER_GLOBAL_ACCENT_COLOR_NAME = AccentColor;
				CODE_SIGN_STYLE = Automatic;
				CURRENT_PROJECT_VERSION = 1;
				DEVELOPMENT_TEAM = RK6RS4ZNBT;
				GENERATE_INFOPLIST_FILE = YES;
				INFOPLIST_FILE = LinupMassenger/Info.plist;
				INFOPLIST_KEY_UIApplicationSupportsIndirectInputEvents = YES;
				INFOPLIST_KEY_UILaunchStoryboardName = LaunchScreen;
				INFOPLIST_KEY_UIMainStoryboardFile = Main;
				INFOPLIST_KEY_UISupportedInterfaceOrientations = UIInterfaceOrientationPortrait;
				INFOPLIST_KEY_UISupportedInterfaceOrientations_iPad = "UIInterfaceOrientationPortrait UIInterfaceOrientationPortraitUpsideDown";
				LD_RUNPATH_SEARCH_PATHS = (
					"$(inherited)",
					"@executable_path/Frameworks",
				);
				MARKETING_VERSION = 1.0;
				PRODUCT_BUNDLE_IDENTIFIER = berkhayta.LinupMassenger;
				PRODUCT_NAME = "$(TARGET_NAME)";
				SWIFT_EMIT_LOC_STRINGS = YES;
				SWIFT_VERSION = 5.0;
				TARGETED_DEVICE_FAMILY = "1,2";
			};
			name = Debug;
		};
		C0F93C332996863F0046DD9A /* Release */ = {
			isa = XCBuildConfiguration;
			baseConfigurationReference = 927D1E08AEEFAE5DAB2308A5 /* Pods-LinupMassenger.release.xcconfig */;
			buildSettings = {
				ASSETCATALOG_COMPILER_APPICON_NAME = AppIcon;
				ASSETCATALOG_COMPILER_GLOBAL_ACCENT_COLOR_NAME = AccentColor;
				CODE_SIGN_STYLE = Automatic;
				CURRENT_PROJECT_VERSION = 1;
				DEVELOPMENT_TEAM = RK6RS4ZNBT;
				GENERATE_INFOPLIST_FILE = YES;
				INFOPLIST_FILE = LinupMassenger/Info.plist;
				INFOPLIST_KEY_UIApplicationSupportsIndirectInputEvents = YES;
				INFOPLIST_KEY_UILaunchStoryboardName = LaunchScreen;
				INFOPLIST_KEY_UIMainStoryboardFile = Main;
				INFOPLIST_KEY_UISupportedInterfaceOrientations = UIInterfaceOrientationPortrait;
				INFOPLIST_KEY_UISupportedInterfaceOrientations_iPad = "UIInterfaceOrientationPortrait UIInterfaceOrientationPortraitUpsideDown";
				LD_RUNPATH_SEARCH_PATHS = (
					"$(inherited)",
					"@executable_path/Frameworks",
				);
				MARKETING_VERSION = 1.0;
				PRODUCT_BUNDLE_IDENTIFIER = berkhayta.LinupMassenger;
				PRODUCT_NAME = "$(TARGET_NAME)";
				SWIFT_EMIT_LOC_STRINGS = YES;
				SWIFT_VERSION = 5.0;
				TARGETED_DEVICE_FAMILY = "1,2";
			};
			name = Release;
		};
/* End XCBuildConfiguration section */

/* Begin XCConfigurationList section */
		C0F93C182996863E0046DD9A /* Build configuration list for PBXProject "LinupMassenger" */ = {
			isa = XCConfigurationList;
			buildConfigurations = (
				C0F93C2F2996863F0046DD9A /* Debug */,
				C0F93C302996863F0046DD9A /* Release */,
			);
			defaultConfigurationIsVisible = 0;
			defaultConfigurationName = Release;
		};
		C0F93C312996863F0046DD9A /* Build configuration list for PBXNativeTarget "LinupMassenger" */ = {
			isa = XCConfigurationList;
			buildConfigurations = (
				C0F93C322996863F0046DD9A /* Debug */,
				C0F93C332996863F0046DD9A /* Release */,
			);
			defaultConfigurationIsVisible = 0;
			defaultConfigurationName = Release;
		};
/* End XCConfigurationList section */
	};
	rootObject = C0F93C152996863E0046DD9A /* Project object */;
}
